
Microsoft Visual Studio Solution File, Format Version 12.00
# Visual Studio Version 17
VisualStudioVersion = 17.13.35919.96
MinimumVisualStudioVersion = 10.0.40219.1
Project("{FAE04EC0-301F-11D3-BF4B-00C04F79EFBC}") = "REPRPoc.Api", "REPRPoc.Api\REPRPoc.Api.csproj", "{54EDFA85-4F18-4607-949A-D40782964D42}"
EndProject
Project("{FAE04EC0-301F-11D3-BF4B-00C04F79EFBC}") = "REPRPoc.Contracts", "REPRPoc.Contracts\REPRPoc.Contracts.csproj", "{3F8FA59E-27DC-4B4D-B05F-5A0EFE67968D}"
EndProject
Project("{FAE04EC0-301F-11D3-BF4B-00C04F79EFBC}") = "REPRPoc.AuthenticationDummy", "REPRPoc.AuthenticationDummy\REPRPoc.AuthenticationDummy.csproj", "{3F4DB37A-A8F4-4D3A-A026-DB38365CABD0}"
EndProject
Project("{FAE04EC0-301F-11D3-BF4B-00C04F79EFBC}") = "REPRPoc.Endpoints", "REPRPoc.Endpoints\REPRPoc.Endpoints.csproj", "{1CCC236D-D7A5-8FB8-9E10-7D972B163D9C}"
EndProject
Project("{E53339B2-1760-4266-BCC7-CA923CBCF16C}") = "docker-compose", "docker-compose.dcproj", "{81DDED9D-158B-E303-5F62-77A2896D2A5A}"
EndProject
Global
	GlobalSection(SolutionConfigurationPlatforms) = preSolution
		Debug|Any CPU = Debug|Any CPU
		Release|Any CPU = Release|Any CPU
	EndGlobalSection
	GlobalSection(ProjectConfigurationPlatforms) = postSolution
		{54EDFA85-4F18-4607-949A-D40782964D42}.Debug|Any CPU.ActiveCfg = Debug|Any CPU
		{54EDFA85-4F18-4607-949A-D40782964D42}.Debug|Any CPU.Build.0 = Debug|Any CPU
		{54EDFA85-4F18-4607-949A-D40782964D42}.Release|Any CPU.ActiveCfg = Release|Any CPU
		{54EDFA85-4F18-4607-949A-D40782964D42}.Release|Any CPU.Build.0 = Release|Any CPU
		{3F8FA59E-27DC-4B4D-B05F-5A0EFE67968D}.Debug|Any CPU.ActiveCfg = Debug|Any CPU
		{3F8FA59E-27DC-4B4D-B05F-5A0EFE67968D}.Debug|Any CPU.Build.0 = Debug|Any CPU
		{3F8FA59E-27DC-4B4D-B05F-5A0EFE67968D}.Release|Any CPU.ActiveCfg = Release|Any CPU
		{3F8FA59E-27DC-4B4D-B05F-5A0EFE67968D}.Release|Any CPU.Build.0 = Release|Any CPU
		{3F4DB37A-A8F4-4D3A-A026-DB38365CABD0}.Debug|Any CPU.ActiveCfg = Debug|Any CPU
		{3F4DB37A-A8F4-4D3A-A026-DB38365CABD0}.Debug|Any CPU.Build.0 = Debug|Any CPU
		{3F4DB37A-A8F4-4D3A-A026-DB38365CABD0}.Release|Any CPU.ActiveCfg = Release|Any CPU
		{3F4DB37A-A8F4-4D3A-A026-DB38365CABD0}.Release|Any CPU.Build.0 = Release|Any CPU
		{1CCC236D-D7A5-8FB8-9E10-7D972B163D9C}.Debug|Any CPU.ActiveCfg = Debug|Any CPU
		{1CCC236D-D7A5-8FB8-9E10-7D972B163D9C}.Debug|Any CPU.Build.0 = Debug|Any CPU
		{1CCC236D-D7A5-8FB8-9E10-7D972B163D9C}.Release|Any CPU.ActiveCfg = Release|Any CPU
		{1CCC236D-D7A5-8FB8-9E10-7D972B163D9C}.Release|Any CPU.Build.0 = Release|Any CPU
		{81DDED9D-158B-E303-5F62-77A2896D2A5A}.Debug|Any CPU.ActiveCfg = Debug|Any CPU
		{81DDED9D-158B-E303-5F62-77A2896D2A5A}.Debug|Any CPU.Build.0 = Debug|Any CPU
		{81DDED9D-158B-E303-5F62-77A2896D2A5A}.Release|Any CPU.ActiveCfg = Release|Any CPU
		{81DDED9D-158B-E303-5F62-77A2896D2A5A}.Release|Any CPU.Build.0 = Release|Any CPU
	EndGlobalSection
	GlobalSection(SolutionProperties) = preSolution
		HideSolutionNode = FALSE
	EndGlobalSection
	GlobalSection(ExtensibilityGlobals) = postSolution
		SolutionGuid = {A7FB2E56-41D8-4B20-9981-1283C4D3FA55}
	EndGlobalSection
EndGlobal
